// !$*UTF8*$!
{
	archiveVersion = 1;
	classes = {
	};
	objectVersion = 77;
	objects = {

/* Begin PBXContainerItemProxy section */
		C059CEAC2CB41B9100EE7C4B /* PBXContainerItemProxy */ = {
			isa = PBXContainerItemProxy;
			containerPortal = C059CE932CB41B8F00EE7C4B /* Project object */;
			proxyType = 1;
			remoteGlobalIDString = C059CE9A2CB41B8F00EE7C4B;
			remoteInfo = TE_XcodeCloud;
		};
		C059CEB62CB41B9100EE7C4B /* PBXContainerItemProxy */ = {
			isa = PBXContainerItemProxy;
			containerPortal = C059CE932CB41B8F00EE7C4B /* Project object */;
			proxyType = 1;
			remoteGlobalIDString = C059CE9A2CB41B8F00EE7C4B;
			remoteInfo = TE_XcodeCloud;
		};
/* End PBXContainerItemProxy section */

/* Begin PBXFileReference section */
		C059CE9B2CB41B8F00EE7C4B /* TE_XcodeCloud.app */ = {isa = PBXFileReference; explicitFileType = wrapper.application; includeInIndex = 0; path = TE_XcodeCloud.app; sourceTree = BUILT_PRODUCTS_DIR; };
		C059CEAB2CB41B9100EE7C4B /* TE_XcodeCloudTests.xctest */ = {isa = PBXFileReference; explicitFileType = wrapper.cfbundle; includeInIndex = 0; path = TE_XcodeCloudTests.xctest; sourceTree = BUILT_PRODUCTS_DIR; };
		C059CEB52CB41B9100EE7C4B /* TE_XcodeCloudUITests.xctest */ = {isa = PBXFileReference; explicitFileType = wrapper.cfbundle; includeInIndex = 0; path = TE_XcodeCloudUITests.xctest; sourceTree = BUILT_PRODUCTS_DIR; };
/* End PBXFileReference section */

/* Begin PBXFileSystemSynchronizedRootGroup section */
		C059CE9D2CB41B8F00EE7C4B /* TE_XcodeCloud */ = {
			isa = PBXFileSystemSynchronizedRootGroup;
			path = TE_XcodeCloud;
			sourceTree = "<group>";
		};
		C059CEAE2CB41B9100EE7C4B /* TE_XcodeCloudTests */ = {
			isa = PBXFileSystemSynchronizedRootGroup;
			path = TE_XcodeCloudTests;
			sourceTree = "<group>";
		};
		C059CEB82CB41B9100EE7C4B /* TE_XcodeCloudUITests */ = {
			isa = PBXFileSystemSynchronizedRootGroup;
			path = TE_XcodeCloudUITests;
			sourceTree = "<group>";
		};
/* End PBXFileSystemSynchronizedRootGroup section */

/* Begin PBXFrameworksBuildPhase section */
		C059CE982CB41B8F00EE7C4B /* Frameworks */ = {
			isa = PBXFrameworksBuildPhase;
			buildActionMask = 2147483647;
			files = (
			);
			runOnlyForDeploymentPostprocessing = 0;
		};
		C059CEA82CB41B9100EE7C4B /* Frameworks */ = {
			isa = PBXFrameworksBuildPhase;
			buildActionMask = 2147483647;
			files = (
			);
			runOnlyForDeploymentPostprocessing = 0;
		};
		C059CEB22CB41B9100EE7C4B /* Frameworks */ = {
			isa = PBXFrameworksBuildPhase;
			buildActionMask = 2147483647;
			files = (
			);
			runOnlyForDeploymentPostprocessing = 0;
		};
/* End PBXFrameworksBuildPhase section */

/* Begin PBXGroup section */
		C059CE922CB41B8F00EE7C4B = {
			isa = PBXGroup;
			children = (
				C059CE9D2CB41B8F00EE7C4B /* TE_XcodeCloud */,
				C059CEAE2CB41B9100EE7C4B /* TE_XcodeCloudTests */,
				C059CEB82CB41B9100EE7C4B /* TE_XcodeCloudUITests */,
				C059CE9C2CB41B8F00EE7C4B /* Products */,
			);
			sourceTree = "<group>";
		};
		C059CE9C2CB41B8F00EE7C4B /* Products */ = {
			isa = PBXGroup;
			children = (
				C059CE9B2CB41B8F00EE7C4B /* TE_XcodeCloud.app */,
				C059CEAB2CB41B9100EE7C4B /* TE_XcodeCloudTests.xctest */,
				C059CEB52CB41B9100EE7C4B /* TE_XcodeCloudUITests.xctest */,
			);
			name = Products;
			sourceTree = "<group>";
		};
/* End PBXGroup section */

/* Begin PBXNativeTarget section */
		C059CE9A2CB41B8F00EE7C4B /* TE_XcodeCloud */ = {
			isa = PBXNativeTarget;
			buildConfigurationList = C059CEBF2CB41B9100EE7C4B /* Build configuration list for PBXNativeTarget "TE_XcodeCloud" */;
			buildPhases = (
				C059CE972CB41B8F00EE7C4B /* Sources */,
				C059CE982CB41B8F00EE7C4B /* Frameworks */,
				C059CE992CB41B8F00EE7C4B /* Resources */,
			);
			buildRules = (
			);
			dependencies = (
			);
			fileSystemSynchronizedGroups = (
				C059CE9D2CB41B8F00EE7C4B /* TE_XcodeCloud */,
			);
			name = TE_XcodeCloud;
			packageProductDependencies = (
			);
			productName = TE_XcodeCloud;
			productReference = C059CE9B2CB41B8F00EE7C4B /* TE_XcodeCloud.app */;
			productType = "com.apple.product-type.application";
		};
		C059CEAA2CB41B9100EE7C4B /* TE_XcodeCloudTests */ = {
			isa = PBXNativeTarget;
			buildConfigurationList = C059CEC22CB41B9100EE7C4B /* Build configuration list for PBXNativeTarget "TE_XcodeCloudTests" */;
			buildPhases = (
				C059CEA72CB41B9100EE7C4B /* Sources */,
				C059CEA82CB41B9100EE7C4B /* Frameworks */,
				C059CEA92CB41B9100EE7C4B /* Resources */,
			);
			buildRules = (
			);
			dependencies = (
				C059CEAD2CB41B9100EE7C4B /* PBXTargetDependency */,
			);
			fileSystemSynchronizedGroups = (
				C059CEAE2CB41B9100EE7C4B /* TE_XcodeCloudTests */,
			);
			name = TE_XcodeCloudTests;
			packageProductDependencies = (
			);
			productName = TE_XcodeCloudTests;
			productReference = C059CEAB2CB41B9100EE7C4B /* TE_XcodeCloudTests.xctest */;
			productType = "com.apple.product-type.bundle.unit-test";
		};
		C059CEB42CB41B9100EE7C4B /* TE_XcodeCloudUITests */ = {
			isa = PBXNativeTarget;
			buildConfigurationList = C059CEC52CB41B9100EE7C4B /* Build configuration list for PBXNativeTarget "TE_XcodeCloudUITests" */;
			buildPhases = (
				C059CEB12CB41B9100EE7C4B /* Sources */,
				C059CEB22CB41B9100EE7C4B /* Frameworks */,
				C059CEB32CB41B9100EE7C4B /* Resources */,
			);
			buildRules = (
			);
			dependencies = (
				C059CEB72CB41B9100EE7C4B /* PBXTargetDependency */,
			);
			fileSystemSynchronizedGroups = (
				C059CEB82CB41B9100EE7C4B /* TE_XcodeCloudUITests */,
			);
			name = TE_XcodeCloudUITests;
			packageProductDependencies = (
			);
			productName = TE_XcodeCloudUITests;
			productReference = C059CEB52CB41B9100EE7C4B /* TE_XcodeCloudUITests.xctest */;
			productType = "com.apple.product-type.bundle.ui-testing";
		};
/* End PBXNativeTarget section */

/* Begin PBXProject section */
		C059CE932CB41B8F00EE7C4B /* Project object */ = {
			isa = PBXProject;
			attributes = {
				BuildIndependentTargetsInParallel = 1;
				LastSwiftUpdateCheck = 1600;
				LastUpgradeCheck = 1600;
				TargetAttributes = {
					C059CE9A2CB41B8F00EE7C4B = {
						CreatedOnToolsVersion = 16.0;
					};
					C059CEAA2CB41B9100EE7C4B = {
						CreatedOnToolsVersion = 16.0;
						TestTargetID = C059CE9A2CB41B8F00EE7C4B;
					};
					C059CEB42CB41B9100EE7C4B = {
						CreatedOnToolsVersion = 16.0;
						TestTargetID = C059CE9A2CB41B8F00EE7C4B;
					};
				};
			};
			buildConfigurationList = C059CE962CB41B8F00EE7C4B /* Build configuration list for PBXProject "TE_XcodeCloud" */;
			developmentRegion = en;
			hasScannedForEncodings = 0;
			knownRegions = (
				en,
				Base,
			);
			mainGroup = C059CE922CB41B8F00EE7C4B;
			minimizedProjectReferenceProxies = 1;
			preferredProjectObjectVersion = 77;
			productRefGroup = C059CE9C2CB41B8F00EE7C4B /* Products */;
			projectDirPath = "";
			projectRoot = "";
			targets = (
				C059CE9A2CB41B8F00EE7C4B /* TE_XcodeCloud */,
				C059CEAA2CB41B9100EE7C4B /* TE_XcodeCloudTests */,
				C059CEB42CB41B9100EE7C4B /* TE_XcodeCloudUITests */,
			);
		};
/* End PBXProject section */

/* Begin PBXResourcesBuildPhase section */
		C059CE992CB41B8F00EE7C4B /* Resources */ = {
			isa = PBXResourcesBuildPhase;
			buildActionMask = 2147483647;
			files = (
			);
			runOnlyForDeploymentPostprocessing = 0;
		};
		C059CEA92CB41B9100EE7C4B /* Resources */ = {
			isa = PBXResourcesBuildPhase;
			buildActionMask = 2147483647;
			files = (
			);
			runOnlyForDeploymentPostprocessing = 0;
		};
		C059CEB32CB41B9100EE7C4B /* Resources */ = {
			isa = PBXResourcesBuildPhase;
			buildActionMask = 2147483647;
			files = (
			);
			runOnlyForDeploymentPostprocessing = 0;
		};
/* End PBXResourcesBuildPhase section */

/* Begin PBXSourcesBuildPhase section */
		C059CE972CB41B8F00EE7C4B /* Sources */ = {
			isa = PBXSourcesBuildPhase;
			buildActionMask = 2147483647;
			files = (
			);
			runOnlyForDeploymentPostprocessing = 0;
		};
		C059CEA72CB41B9100EE7C4B /* Sources */ = {
			isa = PBXSourcesBuildPhase;
			buildActionMask = 2147483647;
			files = (
			);
			runOnlyForDeploymentPostprocessing = 0;
		};
		C059CEB12CB41B9100EE7C4B /* Sources */ = {
			isa = PBXSourcesBuildPhase;
			buildActionMask = 2147483647;
			files = (
			);
			runOnlyForDeploymentPostprocessing = 0;
		};
/* End PBXSourcesBuildPhase section */

/* Begin PBXTargetDependency section */
		C059CEAD2CB41B9100EE7C4B /* PBXTargetDependency */ = {
			isa = PBXTargetDependency;
			target = C059CE9A2CB41B8F00EE7C4B /* TE_XcodeCloud */;
			targetProxy = C059CEAC2CB41B9100EE7C4B /* PBXContainerItemProxy */;
		};
		C059CEB72CB41B9100EE7C4B /* PBXTargetDependency */ = {
			isa = PBXTargetDependency;
			target = C059CE9A2CB41B8F00EE7C4B /* TE_XcodeCloud */;
			targetProxy = C059CEB62CB41B9100EE7C4B /* PBXContainerItemProxy */;
		};
/* End PBXTargetDependency section */

/* Begin XCBuildConfiguration section */
		C059CEBD2CB41B9100EE7C4B /* Debug */ = {
			isa = XCBuildConfiguration;
			buildSettings = {
				ALWAYS_SEARCH_USER_PATHS = NO;
				ASSETCATALOG_COMPILER_GENERATE_SWIFT_ASSET_SYMBOL_EXTENSIONS = YES;
				CLANG_ANALYZER_NONNULL = YES;
				CLANG_ANALYZER_NUMBER_OBJECT_CONVERSION = YES_AGGRESSIVE;
				CLANG_CXX_LANGUAGE_STANDARD = "gnu++20";
				CLANG_ENABLE_MODULES = YES;
				CLANG_ENABLE_OBJC_ARC = YES;
				CLANG_ENABLE_OBJC_WEAK = YES;
				CLANG_WARN_BLOCK_CAPTURE_AUTORELEASING = YES;
				CLANG_WARN_BOOL_CONVERSION = YES;
				CLANG_WARN_COMMA = YES;
				CLANG_WARN_CONSTANT_CONVERSION = YES;
				CLANG_WARN_DEPRECATED_OBJC_IMPLEMENTATIONS = YES;
				CLANG_WARN_DIRECT_OBJC_ISA_USAGE = YES_ERROR;
				CLANG_WARN_DOCUMENTATION_COMMENTS = YES;
				CLANG_WARN_EMPTY_BODY = YES;
				CLANG_WARN_ENUM_CONVERSION = YES;
				CLANG_WARN_INFINITE_RECURSION = YES;
				CLANG_WARN_INT_CONVERSION = YES;
				CLANG_WARN_NON_LITERAL_NULL_CONVERSION = YES;
				CLANG_WARN_OBJC_IMPLICIT_RETAIN_SELF = YES;
				CLANG_WARN_OBJC_LITERAL_CONVERSION = YES;
				CLANG_WARN_OBJC_ROOT_CLASS = YES_ERROR;
				CLANG_WARN_QUOTED_INCLUDE_IN_FRAMEWORK_HEADER = YES;
				CLANG_WARN_RANGE_LOOP_ANALYSIS = YES;
				CLANG_WARN_STRICT_PROTOTYPES = YES;
				CLANG_WARN_SUSPICIOUS_MOVE = YES;
				CLANG_WARN_UNGUARDED_AVAILABILITY = YES_AGGRESSIVE;
				CLANG_WARN_UNREACHABLE_CODE = YES;
				CLANG_WARN__DUPLICATE_METHOD_MATCH = YES;
				COPY_PHASE_STRIP = NO;
				DEBUG_INFORMATION_FORMAT = dwarf;
				ENABLE_STRICT_OBJC_MSGSEND = YES;
				ENABLE_TESTABILITY = YES;
				ENABLE_USER_SCRIPT_SANDBOXING = YES;
				GCC_C_LANGUAGE_STANDARD = gnu17;
				GCC_DYNAMIC_NO_PIC = NO;
				GCC_NO_COMMON_BLOCKS = YES;
				GCC_OPTIMIZATION_LEVEL = 0;
				GCC_PREPROCESSOR_DEFINITIONS = (
					"DEBUG=1",
					"$(inherited)",
				);
				GCC_WARN_64_TO_32_BIT_CONVERSION = YES;
				GCC_WARN_ABOUT_RETURN_TYPE = YES_ERROR;
				GCC_WARN_UNDECLARED_SELECTOR = YES;
				GCC_WARN_UNINITIALIZED_AUTOS = YES_AGGRESSIVE;
				GCC_WARN_UNUSED_FUNCTION = YES;
				GCC_WARN_UNUSED_VARIABLE = YES;
				IPHONEOS_DEPLOYMENT_TARGET = 18.0;
				LOCALIZATION_PREFERS_STRING_CATALOGS = YES;
				MTL_ENABLE_DEBUG_INFO = INCLUDE_SOURCE;
				MTL_FAST_MATH = YES;
				ONLY_ACTIVE_ARCH = YES;
				SDKROOT = iphoneos;
				SWIFT_ACTIVE_COMPILATION_CONDITIONS = "DEBUG $(inherited)";
				SWIFT_OPTIMIZATION_LEVEL = "-Onone";
			};
			name = Debug;
		};
		C059CEBE2CB41B9100EE7C4B /* Release */ = {
			isa = XCBuildConfiguration;
			buildSettings = {
				ALWAYS_SEARCH_USER_PATHS = NO;
				ASSETCATALOG_COMPILER_GENERATE_SWIFT_ASSET_SYMBOL_EXTENSIONS = YES;
				CLANG_ANALYZER_NONNULL = YES;
				CLANG_ANALYZER_NUMBER_OBJECT_CONVERSION = YES_AGGRESSIVE;
				CLANG_CXX_LANGUAGE_STANDARD = "gnu++20";
				CLANG_ENABLE_MODULES = YES;
				CLANG_ENABLE_OBJC_ARC = YES;
				CLANG_ENABLE_OBJC_WEAK = YES;
				CLANG_WARN_BLOCK_CAPTURE_AUTORELEASING = YES;
				CLANG_WARN_BOOL_CONVERSION = YES;
				CLANG_WARN_COMMA = YES;
				CLANG_WARN_CONSTANT_CONVERSION = YES;
				CLANG_WARN_DEPRECATED_OBJC_IMPLEMENTATIONS = YES;
				CLANG_WARN_DIRECT_OBJC_ISA_USAGE = YES_ERROR;
				CLANG_WARN_DOCUMENTATION_COMMENTS = YES;
				CLANG_WARN_EMPTY_BODY = YES;
				CLANG_WARN_ENUM_CONVERSION = YES;
				CLANG_WARN_INFINITE_RECURSION = YES;
				CLANG_WARN_INT_CONVERSION = YES;
				CLANG_WARN_NON_LITERAL_NULL_CONVERSION = YES;
				CLANG_WARN_OBJC_IMPLICIT_RETAIN_SELF = YES;
				CLANG_WARN_OBJC_LITERAL_CONVERSION = YES;
				CLANG_WARN_OBJC_ROOT_CLASS = YES_ERROR;
				CLANG_WARN_QUOTED_INCLUDE_IN_FRAMEWORK_HEADER = YES;
				CLANG_WARN_RANGE_LOOP_ANALYSIS = YES;
				CLANG_WARN_STRICT_PROTOTYPES = YES;
				CLANG_WARN_SUSPICIOUS_MOVE = YES;
				CLANG_WARN_UNGUARDED_AVAILABILITY = YES_AGGRESSIVE;
				CLANG_WARN_UNREACHABLE_CODE = YES;
				CLANG_WARN__DUPLICATE_METHOD_MATCH = YES;
				COPY_PHASE_STRIP = NO;
				DEBUG_INFORMATION_FORMAT = "dwarf-with-dsym";
				ENABLE_NS_ASSERTIONS = NO;
				ENABLE_STRICT_OBJC_MSGSEND = YES;
				ENABLE_USER_SCRIPT_SANDBOXING = YES;
				GCC_C_LANGUAGE_STANDARD = gnu17;
				GCC_NO_COMMON_BLOCKS = YES;
				GCC_WARN_64_TO_32_BIT_CONVERSION = YES;
				GCC_WARN_ABOUT_RETURN_TYPE = YES_ERROR;
				GCC_WARN_UNDECLARED_SELECTOR = YES;
				GCC_WARN_UNINITIALIZED_AUTOS = YES_AGGRESSIVE;
				GCC_WARN_UNUSED_FUNCTION = YES;
				GCC_WARN_UNUSED_VARIABLE = YES;
				IPHONEOS_DEPLOYMENT_TARGET = 18.0;
				LOCALIZATION_PREFERS_STRING_CATALOGS = YES;
				MTL_ENABLE_DEBUG_INFO = NO;
				MTL_FAST_MATH = YES;
				SDKROOT = iphoneos;
				SWIFT_COMPILATION_MODE = wholemodule;
				VALIDATE_PRODUCT = YES;
			};
			name = Release;
		};
		C059CEC02CB41B9100EE7C4B /* Debug */ = {
			isa = XCBuildConfiguration;
			buildSettings = {
				ASSETCATALOG_COMPILER_APPICON_NAME = AppIcon;
				ASSETCATALOG_COMPILER_GLOBAL_ACCENT_COLOR_NAME = AccentColor;
				CODE_SIGN_STYLE = Automatic;
				CURRENT_PROJECT_VERSION = 1;
				DEVELOPMENT_ASSET_PATHS = "\"TE_XcodeCloud/Preview Content\"";
				ENABLE_PREVIEWS = YES;
				GENERATE_INFOPLIST_FILE = YES;
				INFOPLIST_KEY_UIApplicationSceneManifest_Generation = YES;
				INFOPLIST_KEY_UIApplicationSupportsIndirectInputEvents = YES;
				INFOPLIST_KEY_UILaunchScreen_Generation = YES;
				INFOPLIST_KEY_UISupportedInterfaceOrientations_iPad = "UIInterfaceOrientationPortrait UIInterfaceOrientationPortraitUpsideDown UIInterfaceOrientationLandscapeLeft UIInterfaceOrientationLandscapeRight";
				INFOPLIST_KEY_UISupportedInterfaceOrientations_iPhone = "UIInterfaceOrientationPortrait UIInterfaceOrientationLandscapeLeft UIInterfaceOrientationLandscapeRight";
				LD_RUNPATH_SEARCH_PATHS = (
					"$(inherited)",
					"@executable_path/Frameworks",
				);
				MARKETING_VERSION = 1.0;
				PRODUCT_BUNDLE_IDENTIFIER = "Tester.TE-XcodeCloud";
				PRODUCT_NAME = "$(TARGET_NAME)";
				SWIFT_EMIT_LOC_STRINGS = YES;
				SWIFT_VERSION = 5.0;
				TARGETED_DEVICE_FAMILY = "1,2";
			};
			name = Debug;
		};
		C059CEC12CB41B9100EE7C4B /* Release */ = {
			isa = XCBuildConfiguration;
			buildSettings = {
				ASSETCATALOG_COMPILER_APPICON_NAME = AppIcon;
				ASSETCATALOG_COMPILER_GLOBAL_ACCENT_COLOR_NAME = AccentColor;
				CODE_SIGN_STYLE = Automatic;
				CURRENT_PROJECT_VERSION = 1;
				DEVELOPMENT_ASSET_PATHS = "\"TE_XcodeCloud/Preview Content\"";
				ENABLE_PREVIEWS = YES;
				GENERATE_INFOPLIST_FILE = YES;
				INFOPLIST_KEY_UIApplicationSceneManifest_Generation = YES;
				INFOPLIST_KEY_UIApplicationSupportsIndirectInputEvents = YES;
				INFOPLIST_KEY_UILaunchScreen_Generation = YES;
				INFOPLIST_KEY_UISupportedInterfaceOrientations_iPad = "UIInterfaceOrientationPortrait UIInterfaceOrientationPortraitUpsideDown UIInterfaceOrientationLandscapeLeft UIInterfaceOrientationLandscapeRight";
				INFOPLIST_KEY_UISupportedInterfaceOrientations_iPhone = "UIInterfaceOrientationPortrait UIInterfaceOrientationLandscapeLeft UIInterfaceOrientationLandscapeRight";
				LD_RUNPATH_SEARCH_PATHS = (
					"$(inherited)",
					"@executable_path/Frameworks",
				);
				MARKETING_VERSION = 1.0;
				PRODUCT_BUNDLE_IDENTIFIER = "Tester.TE-XcodeCloud";
				PRODUCT_NAME = "$(TARGET_NAME)";
				SWIFT_EMIT_LOC_STRINGS = YES;
				SWIFT_VERSION = 5.0;
				TARGETED_DEVICE_FAMILY = "1,2";
			};
			name = Release;
		};
		C059CEC32CB41B9100EE7C4B /* Debug */ = {
			isa = XCBuildConfiguration;
			buildSettings = {
				BUNDLE_LOADER = "$(TEST_HOST)";
				CODE_SIGN_STYLE = Automatic;
				CURRENT_PROJECT_VERSION = 1;
				GENERATE_INFOPLIST_FILE = YES;
				IPHONEOS_DEPLOYMENT_TARGET = 18.0;
				MARKETING_VERSION = 1.0;
				PRODUCT_BUNDLE_IDENTIFIER = "Tester.TE-XcodeCloudTests";
				PRODUCT_NAME = "$(TARGET_NAME)";
				SWIFT_EMIT_LOC_STRINGS = NO;
				SWIFT_VERSION = 5.0;
				TARGETED_DEVICE_FAMILY = "1,2";
				TEST_HOST = "$(BUILT_PRODUCTS_DIR)/TE_XcodeCloud.app/$(BUNDLE_EXECUTABLE_FOLDER_PATH)/TE_XcodeCloud";
			};
			name = Debug;
		};
		C059CEC42CB41B9100EE7C4B /* Release */ = {
			isa = XCBuildConfiguration;
			buildSettings = {
				BUNDLE_LOADER = "$(TEST_HOST)";
				CODE_SIGN_STYLE = Automatic;
				CURRENT_PROJECT_VERSION = 1;
				GENERATE_INFOPLIST_FILE = YES;
				IPHONEOS_DEPLOYMENT_TARGET = 18.0;
				MARKETING_VERSION = 1.0;
				PRODUCT_BUNDLE_IDENTIFIER = "Tester.TE-XcodeCloudTests";
				PRODUCT_NAME = "$(TARGET_NAME)";
				SWIFT_EMIT_LOC_STRINGS = NO;
				SWIFT_VERSION = 5.0;
				TARGETED_DEVICE_FAMILY = "1,2";
				TEST_HOST = "$(BUILT_PRODUCTS_DIR)/TE_XcodeCloud.app/$(BUNDLE_EXECUTABLE_FOLDER_PATH)/TE_XcodeCloud";
			};
			name = Release;
		};
		C059CEC62CB41B9100EE7C4B /* Debug */ = {
			isa = XCBuildConfiguration;
			buildSettings = {
				CODE_SIGN_STYLE = Automatic;
				CURRENT_PROJECT_VERSION = 1;
				GENERATE_INFOPLIST_FILE = YES;
				MARKETING_VERSION = 1.0;
				PRODUCT_BUNDLE_IDENTIFIER = "Tester.TE-XcodeCloudUITests";
				PRODUCT_NAME = "$(TARGET_NAME)";
				SWIFT_EMIT_LOC_STRINGS = NO;
				SWIFT_VERSION = 5.0;
				TARGETED_DEVICE_FAMILY = "1,2";
				TEST_TARGET_NAME = TE_XcodeCloud;
			};
			name = Debug;
		};
		C059CEC72CB41B9100EE7C4B /* Release */ = {
			isa = XCBuildConfiguration;
			buildSettings = {
				CODE_SIGN_STYLE = Automatic;
				CURRENT_PROJECT_VERSION = 1;
				GENERATE_INFOPLIST_FILE = YES;
				MARKETING_VERSION = 1.0;
				PRODUCT_BUNDLE_IDENTIFIER = "Tester.TE-XcodeCloudUITests";
				PRODUCT_NAME = "$(TARGET_NAME)";
				SWIFT_EMIT_LOC_STRINGS = NO;
				SWIFT_VERSION = 5.0;
				TARGETED_DEVICE_FAMILY = "1,2";
				TEST_TARGET_NAME = TE_XcodeCloud;
			};
			name = Release;
		};
/* End XCBuildConfiguration section */

/* Begin XCConfigurationList section */
		C059CE962CB41B8F00EE7C4B /* Build configuration list for PBXProject "TE_XcodeCloud" */ = {
			isa = XCConfigurationList;
			buildConfigurations = (
				C059CEBD2CB41B9100EE7C4B /* Debug */,
				C059CEBE2CB41B9100EE7C4B /* Release */,
			);
			defaultConfigurationIsVisible = 0;
			defaultConfigurationName = Release;
		};
		C059CEBF2CB41B9100EE7C4B /* Build configuration list for PBXNativeTarget "TE_XcodeCloud" */ = {
			isa = XCConfigurationList;
			buildConfigurations = (
				C059CEC02CB41B9100EE7C4B /* Debug */,
				C059CEC12CB41B9100EE7C4B /* Release */,
			);
			defaultConfigurationIsVisible = 0;
			defaultConfigurationName = Release;
		};
		C059CEC22CB41B9100EE7C4B /* Build configuration list for PBXNativeTarget "TE_XcodeCloudTests" */ = {
			isa = XCConfigurationList;
			buildConfigurations = (
				C059CEC32CB41B9100EE7C4B /* Debug */,
				C059CEC42CB41B9100EE7C4B /* Release */,
			);
			defaultConfigurationIsVisible = 0;
			defaultConfigurationName = Release;
		};
		C059CEC52CB41B9100EE7C4B /* Build configuration list for PBXNativeTarget "TE_XcodeCloudUITests" */ = {
			isa = XCConfigurationList;
			buildConfigurations = (
				C059CEC62CB41B9100EE7C4B /* Debug */,
				C059CEC72CB41B9100EE7C4B /* Release */,
			);
			defaultConfigurationIsVisible = 0;
			defaultConfigurationName = Release;
		};
/* End XCConfigurationList section */
	};
	rootObject = C059CE932CB41B8F00EE7C4B /* Project object */;
}
